
Microsoft Visual Studio Solution File, Format Version 12.00
# Visual Studio Express 2013 for Windows Desktop
VisualStudioVersion = 12.0.30501.0
MinimumVisualStudioVersion = 10.0.40219.1
Project("{FAE04EC0-301F-11D3-BF4B-00C04F79EFBC}") = "TreeBeard.Cli", "TreeBeard.Cli\TreeBeard.Cli.csproj", "{6A9BFB15-ABEB-47CC-B404-B546A4070974}"
EndProject
Project("{FAE04EC0-301F-11D3-BF4B-00C04F79EFBC}") = "TreeBeard", "TreeBeard\TreeBeard.csproj", "{5CECC83F-BD75-455E-9440-2CFEE58EDF8E}"
EndProject
Project("{FAE04EC0-301F-11D3-BF4B-00C04F79EFBC}") = "TreeBeard.Tests", "TreeBeard.Tests\TreeBeard.Tests.csproj", "{DE6CE0BC-52A8-4D10-BD1A-E96896646F85}"
EndProject
Project("{FAE04EC0-301F-11D3-BF4B-00C04F79EFBC}") = "TreeBeard.Gui", "TreeBeard.Gui\TreeBeard.Gui.csproj", "{72A5BF83-D4FE-485E-8F9E-069F4C32C580}"
EndProject
Project("{FAE04EC0-301F-11D3-BF4B-00C04F79EFBC}") = "TreeBeard.Plugins", "TreeBeard.Plugins\TreeBeard.Plugins.csproj", "{687FD912-11AC-49C1-9D73-CC88817D6E3E}"
EndProject
Project("{FAE04EC0-301F-11D3-BF4B-00C04F79EFBC}") = "TreeBeard.Service", "TreeBeard.Service\TreeBeard.Service.csproj", "{A030F85E-15F7-4CC8-85D9-1FD058C430A6}"
EndProject
Global
	GlobalSection(SolutionConfigurationPlatforms) = preSolution
		Debug|Any CPU = Debug|Any CPU
		Release|Any CPU = Release|Any CPU
	EndGlobalSection
	GlobalSection(ProjectConfigurationPlatforms) = postSolution
		{6A9BFB15-ABEB-47CC-B404-B546A4070974}.Debug|Any CPU.ActiveCfg = Debug|Any CPU
		{6A9BFB15-ABEB-47CC-B404-B546A4070974}.Debug|Any CPU.Build.0 = Debug|Any CPU
		{6A9BFB15-ABEB-47CC-B404-B546A4070974}.Release|Any CPU.ActiveCfg = Release|Any CPU
		{6A9BFB15-ABEB-47CC-B404-B546A4070974}.Release|Any CPU.Build.0 = Release|Any CPU
		{5CECC83F-BD75-455E-9440-2CFEE58EDF8E}.Debug|Any CPU.ActiveCfg = Debug|Any CPU
		{5CECC83F-BD75-455E-9440-2CFEE58EDF8E}.Debug|Any CPU.Build.0 = Debug|Any CPU
		{5CECC83F-BD75-455E-9440-2CFEE58EDF8E}.Release|Any CPU.ActiveCfg = Release|Any CPU
		{5CECC83F-BD75-455E-9440-2CFEE58EDF8E}.Release|Any CPU.Build.0 = Release|Any CPU
		{DE6CE0BC-52A8-4D10-BD1A-E96896646F85}.Debug|Any CPU.ActiveCfg = Debug|Any CPU
		{DE6CE0BC-52A8-4D10-BD1A-E96896646F85}.Debug|Any CPU.Build.0 = Debug|Any CPU
		{DE6CE0BC-52A8-4D10-BD1A-E96896646F85}.Release|Any CPU.ActiveCfg = Release|Any CPU
		{DE6CE0BC-52A8-4D10-BD1A-E96896646F85}.Release|Any CPU.Build.0 = Release|Any CPU
		{72A5BF83-D4FE-485E-8F9E-069F4C32C580}.Debug|Any CPU.ActiveCfg = Debug|Any CPU
		{72A5BF83-D4FE-485E-8F9E-069F4C32C580}.Debug|Any CPU.Build.0 = Debug|Any CPU
		{72A5BF83-D4FE-485E-8F9E-069F4C32C580}.Release|Any CPU.ActiveCfg = Release|Any CPU
		{72A5BF83-D4FE-485E-8F9E-069F4C32C580}.Release|Any CPU.Build.0 = Release|Any CPU
		{687FD912-11AC-49C1-9D73-CC88817D6E3E}.Debug|Any CPU.ActiveCfg = Debug|Any CPU
		{687FD912-11AC-49C1-9D73-CC88817D6E3E}.Debug|Any CPU.Build.0 = Debug|Any CPU
		{687FD912-11AC-49C1-9D73-CC88817D6E3E}.Release|Any CPU.ActiveCfg = Release|Any CPU
		{687FD912-11AC-49C1-9D73-CC88817D6E3E}.Release|Any CPU.Build.0 = Release|Any CPU
		{A030F85E-15F7-4CC8-85D9-1FD058C430A6}.Debug|Any CPU.ActiveCfg = Debug|Any CPU
		{A030F85E-15F7-4CC8-85D9-1FD058C430A6}.Debug|Any CPU.Build.0 = Debug|Any CPU
		{A030F85E-15F7-4CC8-85D9-1FD058C430A6}.Release|Any CPU.ActiveCfg = Release|Any CPU
		{A030F85E-15F7-4CC8-85D9-1FD058C430A6}.Release|Any CPU.Build.0 = Release|Any CPU
	EndGlobalSection
	GlobalSection(SolutionProperties) = preSolution
		HideSolutionNode = FALSE
	EndGlobalSection
EndGlobal
